// !$*UTF8*$!
{
	archiveVersion = 1;
	classes = {
	};
	objectVersion = 46;
	objects = {

/* Begin PBXBuildFile section */
		94CC3EED1C546F2C0007523D /* AppDelegate.swift in Sources */ = {isa = PBXBuildFile; fileRef = 94CC3EEC1C546F2C0007523D /* AppDelegate.swift */; };
		94CC3EEF1C546F2C0007523D /* ViewController.swift in Sources */ = {isa = PBXBuildFile; fileRef = 94CC3EEE1C546F2C0007523D /* ViewController.swift */; };
		94CC3EF21C546F2C0007523D /* Main.storyboard in Resources */ = {isa = PBXBuildFile; fileRef = 94CC3EF01C546F2C0007523D /* Main.storyboard */; };
		94CC3EF41C546F2C0007523D /* Assets.xcassets in Resources */ = {isa = PBXBuildFile; fileRef = 94CC3EF31C546F2C0007523D /* Assets.xcassets */; };
		94CC3EF71C546F2C0007523D /* LaunchScreen.storyboard in Resources */ = {isa = PBXBuildFile; fileRef = 94CC3EF51C546F2C0007523D /* LaunchScreen.storyboard */; };
/* End PBXBuildFile section */

/* Begin PBXFileReference section */
		94CC3EE91C546F2C0007523D /* ParseOneToManyRelationship.app */ = {isa = PBXFileReference; explicitFileType = wrapper.application; includeInIndex = 0; path = ParseOneToManyRelationship.app; sourceTree = BUILT_PRODUCTS_DIR; };
		94CC3EEC1C546F2C0007523D /* AppDelegate.swift */ = {isa = PBXFileReference; lastKnownFileType = sourcecode.swift; path = AppDelegate.swift; sourceTree = "<group>"; };
		94CC3EEE1C546F2C0007523D /* ViewController.swift */ = {isa = PBXFileReference; lastKnownFileType = sourcecode.swift; path = ViewController.swift; sourceTree = "<group>"; };
		94CC3EF11C546F2C0007523D /* Base */ = {isa = PBXFileReference; lastKnownFileType = file.storyboard; name = Base; path = Base.lproj/Main.storyboard; sourceTree = "<group>"; };
		94CC3EF31C546F2C0007523D /* Assets.xcassets */ = {isa = PBXFileReference; lastKnownFileType = folder.assetcatalog; path = Assets.xcassets; sourceTree = "<group>"; };
		94CC3EF61C546F2C0007523D /* Base */ = {isa = PBXFileReference; lastKnownFileType = file.storyboard; name = Base; path = Base.lproj/LaunchScreen.storyboard; sourceTree = "<group>"; };
		94CC3EF81C546F2D0007523D /* Info.plist */ = {isa = PBXFileReference; lastKnownFileType = text.plist.xml; path = Info.plist; sourceTree = "<group>"; };
/* End PBXFileReference section */

/* Begin PBXFrameworksBuildPhase section */
		94CC3EE61C546F2C0007523D /* Frameworks */ = {
			isa = PBXFrameworksBuildPhase;
			buildActionMask = 2147483647;
			files = (
			);
			runOnlyForDeploymentPostprocessing = 0;
		};
/* End PBXFrameworksBuildPhase section */

/* Begin PBXGroup section */
		94CC3EE01C546F2C0007523D = {
			isa = PBXGroup;
			children = (
				94CC3EEB1C546F2C0007523D /* ParseOneToManyRelationship */,
				94CC3EEA1C546F2C0007523D /* Products */,
			);
			sourceTree = "<group>";
		};
		94CC3EEA1C546F2C0007523D /* Products */ = {
			isa = PBXGroup;
			children = (
				94CC3EE91C546F2C0007523D /* ParseOneToManyRelationship.app */,
			);
			name = Products;
			sourceTree = "<group>";
		};
		94CC3EEB1C546F2C0007523D /* ParseOneToManyRelationship */ = {
			isa = PBXGroup;
			children = (
				94CC3EEC1C546F2C0007523D /* AppDelegate.swift */,
				94CC3EEE1C546F2C0007523D /* ViewController.swift */,
				94CC3EF01C546F2C0007523D /* Main.storyboard */,
				94CC3EF31C546F2C0007523D /* Assets.xcassets */,
				94CC3EF51C546F2C0007523D /* LaunchScreen.storyboard */,
				94CC3EF81C546F2D0007523D /* Info.plist */,
			);
			path = ParseOneToManyRelationship;
			sourceTree = "<group>";
		};
/* End PBXGroup section */

/* Begin PBXNativeTarget section */
		94CC3EE81C546F2C0007523D /* ParseOneToManyRelationship */ = {
			isa = PBXNativeTarget;
			buildConfigurationList = 94CC3EFB1C546F2D0007523D /* Build configuration list for PBXNativeTarget "ParseOneToManyRelationship" */;
			buildPhases = (
				94CC3EE51C546F2C0007523D /* Sources */,
				94CC3EE61C546F2C0007523D /* Frameworks */,
				94CC3EE71C546F2C0007523D /* Resources */,
			);
			buildRules = (
			);
			dependencies = (
			);
			name = ParseOneToManyRelationship;
			productName = ParseOneToManyRelationship;
			productReference = 94CC3EE91C546F2C0007523D /* ParseOneToManyRelationship.app */;
			productType = "com.apple.product-type.application";
		};
/* End PBXNativeTarget section */

/* Begin PBXProject section */
		94CC3EE11C546F2C0007523D /* Project object */ = {
			isa = PBXProject;
			attributes = {
				LastSwiftUpdateCheck = 0720;
				LastUpgradeCheck = 0720;
				ORGANIZATIONNAME = "Sergey Kargopolov";
				TargetAttributes = {
					94CC3EE81C546F2C0007523D = {
						CreatedOnToolsVersion = 7.2;
					};
				};
			};
			buildConfigurationList = 94CC3EE41C546F2C0007523D /* Build configuration list for PBXProject "ParseOneToManyRelationship" */;
			compatibilityVersion = "Xcode 3.2";
			developmentRegion = English;
			hasScannedForEncodings = 0;
			knownRegions = (
				en,
				Base,
			);
			mainGroup = 94CC3EE01C546F2C0007523D;
			productRefGroup = 94CC3EEA1C546F2C0007523D /* Products */;
			projectDirPath = "";
			projectRoot = "";
			targets = (
				94CC3EE81C546F2C0007523D /* ParseOneToManyRelationship */,
			);
		};
/* End PBXProject section */

/* Begin PBXResourcesBuildPhase section */
		94CC3EE71C546F2C0007523D /* Resources */ = {
			isa = PBXResourcesBuildPhase;
			buildActionMask = 2147483647;
			files = (
				94CC3EF71C546F2C0007523D /* LaunchScreen.storyboard in Resources */,
				94CC3EF41C546F2C0007523D /* Assets.xcassets in Resources */,
				94CC3EF21C546F2C0007523D /* Main.storyboard in Resources */,
			);
			runOnlyForDeploymentPostprocessing = 0;
		};
/* End PBXResourcesBuildPhase section */

/* Begin PBXSourcesBuildPhase section */
		94CC3EE51C546F2C0007523D /* Sources */ = {
			isa = PBXSourcesBuildPhase;
			buildActionMask = 2147483647;
			files = (
				94CC3EEF1C546F2C0007523D /* ViewController.swift in Sources */,
				94CC3EED1C546F2C0007523D /* AppDelegate.swift in Sources */,
			);
			runOnlyForDeploymentPostprocessing = 0;
		};
/* End PBXSourcesBuildPhase section */

/* Begin PBXVariantGroup section */
		94CC3EF01C546F2C0007523D /* Main.storyboard */ = {
			isa = PBXVariantGroup;
			children = (
				94CC3EF11C546F2C0007523D /* Base */,
			);
			name = Main.storyboard;
			sourceTree = "<group>";
		};
		94CC3EF51C546F2C0007523D /* LaunchScreen.storyboard */ = {
			isa = PBXVariantGroup;
			children = (
				94CC3EF61C546F2C0007523D /* Base */,
			);
			name = LaunchScreen.storyboard;
			sourceTree = "<group>";
		};
/* End PBXVariantGroup section */

/* Begin XCBuildConfiguration section */
		94CC3EF91C546F2D0007523D /* Debug */ = {
			isa = XCBuildConfiguration;
			buildSettings = {
				ALWAYS_SEARCH_USER_PATHS = NO;
				CLANG_CXX_LANGUAGE_STANDARD = "gnu++0x";
				CLANG_CXX_LIBRARY = "libc++";
				CLANG_ENABLE_MODULES = YES;
				CLANG_ENABLE_OBJC_ARC = YES;
				CLANG_WARN_BOOL_CONVERSION = YES;
				CLANG_WARN_CONSTANT_CONVERSION = YES;
				CLANG_WARN_DIRECT_OBJC_ISA_USAGE = YES_ERROR;
				CLANG_WARN_EMPTY_BODY = YES;
				CLANG_WARN_ENUM_CONVERSION = YES;
				CLANG_WARN_INT_CONVERSION = YES;
				CLANG_WARN_OBJC_ROOT_CLASS = YES_ERROR;
				CLANG_WARN_UNREACHABLE_CODE = YES;
				CLANG_WARN__DUPLICATE_METHOD_MATCH = YES;
				"CODE_SIGN_IDENTITY[sdk=iphoneos*]" = "iPhone Developer";
				COPY_PHASE_STRIP = NO;
				DEBUG_INFORMATION_FORMAT = dwarf;
				ENABLE_STRICT_OBJC_MSGSEND = YES;
				ENABLE_TESTABILITY = YES;
				GCC_C_LANGUAGE_STANDARD = gnu99;
				GCC_DYNAMIC_NO_PIC = NO;
				GCC_NO_COMMON_BLOCKS = YES;
				GCC_OPTIMIZATION_LEVEL = 0;
				GCC_PREPROCESSOR_DEFINITIONS = (
					"DEBUG=1",
					"$(inherited)",
				);
				GCC_WARN_64_TO_32_BIT_CONVERSION = YES;
				GCC_WARN_ABOUT_RETURN_TYPE = YES_ERROR;
				GCC_WARN_UNDECLARED_SELECTOR = YES;
				GCC_WARN_UNINITIALIZED_AUTOS = YES_AGGRESSIVE;
				GCC_WARN_UNUSED_FUNCTION = YES;
				GCC_WARN_UNUSED_VARIABLE = YES;
				IPHONEOS_DEPLOYMENT_TARGET = 9.2;
				MTL_ENABLE_DEBUG_INFO = YES;
				ONLY_ACTIVE_ARCH = YES;
				SDKROOT = iphoneos;
				SWIFT_OPTIMIZATION_LEVEL = "-Onone";
			};
			name = Debug;
		};
		94CC3EFA1C546F2D0007523D /* Release */ = {
			isa = XCBuildConfiguration;
			buildSettings = {
				ALWAYS_SEARCH_USER_PATHS = NO;
				CLANG_CXX_LANGUAGE_STANDARD = "gnu++0x";
				CLANG_CXX_LIBRARY = "libc++";
				CLANG_ENABLE_MODULES = YES;
				CLANG_ENABLE_OBJC_ARC = YES;
				CLANG_WARN_BOOL_CONVERSION = YES;
				CLANG_WARN_CONSTANT_CONVERSION = YES;
				CLANG_WARN_DIRECT_OBJC_ISA_USAGE = YES_ERROR;
				CLANG_WARN_EMPTY_BODY = YES;
				CLANG_WARN_ENUM_CONVERSION = YES;
				CLANG_WARN_INT_CONVERSION = YES;
				CLANG_WARN_OBJC_ROOT_CLASS = YES_ERROR;
				CLANG_WARN_UNREACHABLE_CODE = YES;
				CLANG_WARN__DUPLICATE_METHOD_MATCH = YES;
				"CODE_SIGN_IDENTITY[sdk=iphoneos*]" = "iPhone Developer";
				COPY_PHASE_STRIP = NO;
				DEBUG_INFORMATION_FORMAT = "dwarf-with-dsym";
				ENABLE_NS_ASSERTIONS = NO;
				ENABLE_STRICT_OBJC_MSGSEND = YES;
				GCC_C_LANGUAGE_STANDARD = gnu99;
				GCC_NO_COMMON_BLOCKS = YES;
				GCC_WARN_64_TO_32_BIT_CONVERSION = YES;
				GCC_WARN_ABOUT_RETURN_TYPE = YES_ERROR;
				GCC_WARN_UNDECLARED_SELECTOR = YES;
				GCC_WARN_UNINITIALIZED_AUTOS = YES_AGGRESSIVE;
				GCC_WARN_UNUSED_FUNCTION = YES;
				GCC_WARN_UNUSED_VARIABLE = YES;
				IPHONEOS_DEPLOYMENT_TARGET = 9.2;
				MTL_ENABLE_DEBUG_INFO = NO;
				SDKROOT = iphoneos;
				VALIDATE_PRODUCT = YES;
			};
			name = Release;
		};
		94CC3EFC1C546F2D0007523D /* Debug */ = {
			isa = XCBuildConfiguration;
			buildSettings = {
				ASSETCATALOG_COMPILER_APPICON_NAME = AppIcon;
				INFOPLIST_FILE = ParseOneToManyRelationship/Info.plist;
				LD_RUNPATH_SEARCH_PATHS = "$(inherited) @executable_path/Frameworks";
				PRODUCT_BUNDLE_IDENTIFIER = com.kargopolov.ParseOneToManyRelationship;
				PRODUCT_NAME = "$(TARGET_NAME)";
			};
			name = Debug;
		};
		94CC3EFD1C546F2D0007523D /* Release */ = {
			isa = XCBuildConfiguration;
			buildSettings = {
				ASSETCATALOG_COMPILER_APPICON_NAME = AppIcon;
				INFOPLIST_FILE = ParseOneToManyRelationship/Info.plist;
				LD_RUNPATH_SEARCH_PATHS = "$(inherited) @executable_path/Frameworks";
				PRODUCT_BUNDLE_IDENTIFIER = com.kargopolov.ParseOneToManyRelationship;
				PRODUCT_NAME = "$(TARGET_NAME)";
			};
			name = Release;
		};
/* End XCBuildConfiguration section */

/* Begin XCConfigurationList section */
		94CC3EE41C546F2C0007523D /* Build configuration list for PBXProject "ParseOneToManyRelationship" */ = {
			isa = XCConfigurationList;
			buildConfigurations = (
				94CC3EF91C546F2D0007523D /* Debug */,
				94CC3EFA1C546F2D0007523D /* Release */,
			);
			defaultConfigurationIsVisible = 0;
			defaultConfigurationName = Release;
		};
		94CC3EFB1C546F2D0007523D /* Build configuration list for PBXNativeTarget "ParseOneToManyRelationship" */ = {
			isa = XCConfigurationList;
			buildConfigurations = (
				94CC3EFC1C546F2D0007523D /* Debug */,
				94CC3EFD1C546F2D0007523D /* Release */,
			);
			defaultConfigurationIsVisible = 0;
		};
/* End XCConfigurationList section */
	};
	rootObject = 94CC3EE11C546F2C0007523D /* Project object */;
}
